{
  "lockfile_version": "1",
  "packages": {
    "cmake@latest": {
      "last_modified": "2025-07-13T22:45:35Z",
      "resolved": "github:NixOS/nixpkgs/a421ac6595024edcfbb1ef950a3712b89161c359#cmake",
      "source": "devbox-search",
      "version": "3.31.7",
      "systems": {
        "aarch64-darwin": {
          "outputs": [
            {
              "name": "out",
              "path": "/nix/store/iqyha4ibiivh2vq42997f7mj0wqhl5mp-cmake-3.31.7",
              "default": true
            }
          ],
          "store_path": "/nix/store/iqyha4ibiivh2vq42997f7mj0wqhl5mp-cmake-3.31.7"
        },
        "aarch64-linux": {
          "outputs": [
            {
              "name": "out",
              "path": "/nix/store/8w75y8pjpwx0lyp1jswscsarp5qzyylj-cmake-3.31.7",
              "default": true
            },
            {
              "name": "debug",
              "path": "/nix/store/b5rzbr6wyhalk1qm1ybrayhddqbyc4cy-cmake-3.31.7-debug"
            }
          ],
          "store_path": "/nix/store/8w75y8pjpwx0lyp1jswscsarp5qzyylj-cmake-3.31.7"
        },
        "x86_64-darwin": {
          "outputs": [
            {
              "name": "out",
              "path": "/nix/store/q20hhbr6wy5d6vz44amvsldl4zva31gm-cmake-3.31.7",
              "default": true
            }
          ],
          "store_path": "/nix/store/q20hhbr6wy5d6vz44amvsldl4zva31gm-cmake-3.31.7"
        },
        "x86_64-linux": {
          "outputs": [
            {
              "name": "out",
              "path": "/nix/store/hvn9cprr3p61gjlahk9pq4bmp3zaxj4a-cmake-3.31.7",
              "default": true
            },
            {
              "name": "debug",
              "path": "/nix/store/wwgl6mi7mr0a0z8dk5ibizyjzcnmd0r1-cmake-3.31.7-debug"
            }
          ],
          "store_path": "/nix/store/hvn9cprr3p61gjlahk9pq4bmp3zaxj4a-cmake-3.31.7"
        }
      }
    },
    "doxygen@latest": {
      "last_modified": "2025-07-13T22:45:35Z",
      "resolved": "github:NixOS/nixpkgs/a421ac6595024edcfbb1ef950a3712b89161c359#doxygen",
      "source": "devbox-search",
      "version": "1.14.0",
      "systems": {
        "aarch64-darwin": {
          "outputs": [
            {
              "name": "out",
              "path": "/nix/store/92hk6qdm4pcwx9a42gkxggixqqlplz44-doxygen-1.14.0",
              "default": true
            },
            {
              "name": "examples",
              "path": "/nix/store/szmckv699bwy5y66ssbbx38gz6gp5y52-doxygen-1.14.0-examples"
            }
          ],
          "store_path": "/nix/store/92hk6qdm4pcwx9a42gkxggixqqlplz44-doxygen-1.14.0"
        },
        "aarch64-linux": {
          "outputs": [
            {
              "name": "out",
              "path": "/nix/store/i6j44xaz17li9dv1619rcr4w4g0qvn9y-doxygen-1.14.0",
              "default": true
            },
            {
              "name": "examples",
              "path": "/nix/store/i80j5gphyjpapr50jq28ifasmrr13gzl-doxygen-1.14.0-examples"
            }
          ],
          "store_path": "/nix/store/i6j44xaz17li9dv1619rcr4w4g0qvn9y-doxygen-1.14.0"
        },
        "x86_64-darwin": {
          "outputs": [
            {
              "name": "out",
              "path": "/nix/store/pwj8pkk3h944sm0pfdz2q13mjyv04mx4-doxygen-1.14.0",
              "default": true
            },
            {
              "name": "examples",
              "path": "/nix/store/h97vh17j3aqvbv9piqwgavd79p3haa35-doxygen-1.14.0-examples"
            }
          ],
          "store_path": "/nix/store/pwj8pkk3h944sm0pfdz2q13mjyv04mx4-doxygen-1.14.0"
        },
        "x86_64-linux": {
          "outputs": [
            {
              "name": "out",
              "path": "/nix/store/w9qqmjfrsbwzm9iwal5pr15gaswgibx7-doxygen-1.14.0",
              "default": true
            },
            {
              "name": "examples",
              "path": "/nix/store/21bgbl5bvfncjrn4h92hry8l44dsjqvl-doxygen-1.14.0-examples"
            }
          ],
          "store_path": "/nix/store/w9qqmjfrsbwzm9iwal5pr15gaswgibx7-doxygen-1.14.0"
        }
      }
    },
    "github:NixOS/nixpkgs/nixpkgs-unstable": {
      "last_modified": "2025-07-07T01:36:15Z",
      "resolved": "github:NixOS/nixpkgs/2defa37146df235ef62f566cde69930a86f14df1?lastModified=1751852175&narHash=sha256-%2BMLlfTCCOvz4K6AcSPbaPiFM9MYi7fA2Wr1ibmRwIlM%3D"
    },
    "go-task@latest": {
      "last_modified": "2025-07-13T22:45:35Z",
      "resolved": "github:NixOS/nixpkgs/a421ac6595024edcfbb1ef950a3712b89161c359#go-task",
      "source": "devbox-search",
      "version": "3.44.0",
      "systems": {
        "aarch64-darwin": {
          "outputs": [
            {
              "name": "out",
              "path": "/nix/store/xf4c3z2n3g8j41bh9s0l2pjv4fahdmab-go-task-3.44.0",
              "default": true
            }
          ],
          "store_path": "/nix/store/xf4c3z2n3g8j41bh9s0l2pjv4fahdmab-go-task-3.44.0"
        },
        "aarch64-linux": {
          "outputs": [
            {
              "name": "out",
              "path": "/nix/store/hziv622f7xw9swigq3ylw1lj49dgr4d2-go-task-3.44.0",
              "default": true
            }
          ],
          "store_path": "/nix/store/hziv622f7xw9swigq3ylw1lj49dgr4d2-go-task-3.44.0"
        },
        "x86_64-darwin": {
          "outputs": [
            {
              "name": "out",
              "path": "/nix/store/aafqxhbxvy73v1gpwnnc8bs5icm6nlcg-go-task-3.44.0",
              "default": true
            }
          ],
          "store_path": "/nix/store/aafqxhbxvy73v1gpwnnc8bs5icm6nlcg-go-task-3.44.0"
        },
        "x86_64-linux": {
          "outputs": [
            {
              "name": "out",
              "path": "/nix/store/yvpnz39r66qr57m41c3dfyc3b7mi8y9i-go-task-3.44.0",
              "default": true
            }
          ],
          "store_path": "/nix/store/yvpnz39r66qr57m41c3dfyc3b7mi8y9i-go-task-3.44.0"
        }
      }
    }
  }
}
